
Microsoft Visual Studio Solution File, Format Version 12.00
# Visual Studio Version 16
VisualStudioVersion = 16.0.30114.105
MinimumVisualStudioVersion = 10.0.40219.1
Project("{FAE04EC0-301F-11D3-BF4B-00C04F79EFBC}") = "API", "API\API.csproj", "{A0CB4CC9-E4B3-4DD4-8C2D-5D6532DFF631}"
EndProject
Global
	GlobalSection(SolutionConfigurationPlatforms) = preSolution
		Debug|Any CPU = Debug|Any CPU
		Release|Any CPU = Release|Any CPU
	EndGlobalSection
	GlobalSection(SolutionProperties) = preSolution
		HideSolutionNode = FALSE
	EndGlobalSection
	GlobalSection(ProjectConfigurationPlatforms) = postSolution
		{A0CB4CC9-E4B3-4DD4-8C2D-5D6532DFF631}.Debug|Any CPU.ActiveCfg = Debug|Any CPU
		{A0CB4CC9-E4B3-4DD4-8C2D-5D6532DFF631}.Debug|Any CPU.Build.0 = Debug|Any CPU
		{A0CB4CC9-E4B3-4DD4-8C2D-5D6532DFF631}.Release|Any CPU.ActiveCfg = Release|Any CPU
		{A0CB4CC9-E4B3-4DD4-8C2D-5D6532DFF631}.Release|Any CPU.Build.0 = Release|Any CPU
	EndGlobalSection
EndGlobal
